
Microsoft Visual Studio Solution File, Format Version 12.00
# Visual Studio Version 17
VisualStudioVersion = 17.4.33103.184
MinimumVisualStudioVersion = 10.0.40219.1
Project("{2150E333-8FDC-42A3-9474-1A3956D46DE8}") = "3. Domain", "3. Domain", "{BE65089A-784C-4268-B19A-B0D214D5AB68}"
EndProject
Project("{9A19103F-16F7-4668-BE54-9A1E7A4F7556}") = "CreditRelease.Domain", "..\Domain\CreditRelease.Domain.csproj", "{0CDBCF06-C410-49C2-8DF9-4033E57CFD6D}"
EndProject
Project("{2150E333-8FDC-42A3-9474-1A3956D46DE8}") = "4. Infra", "4. Infra", "{E34CAFD5-43C2-4205-8096-8400FF07E000}"
EndProject
Project("{2150E333-8FDC-42A3-9474-1A3956D46DE8}") = "2. Application", "2. Application", "{95500C68-90A5-4481-81E6-7D3742E47C88}"
EndProject
Project("{9A19103F-16F7-4668-BE54-9A1E7A4F7556}") = "CreditRelease.Infra.Context", "..\CreditRelease.Infra.Context\CreditRelease.Infra.Context.csproj", "{DCE05FAF-7514-418F-A289-7613F62A7781}"
EndProject
Project("{9A19103F-16F7-4668-BE54-9A1E7A4F7556}") = "CreditRelease.Infra.IoC", "..\CreditRelease.Infra.IoC\CreditRelease.Infra.IoC.csproj", "{00076AF7-C8B8-4691-BD6F-769302BE9A32}"
EndProject
Project("{9A19103F-16F7-4668-BE54-9A1E7A4F7556}") = "CreditRelease.Infra.Repository", "..\CreditRelease.Infra.Repository\CreditRelease.Infra.Repository.csproj", "{9701CE7F-F86F-48BA-B0CA-1485B86953EB}"
EndProject
Project("{9A19103F-16F7-4668-BE54-9A1E7A4F7556}") = "CreditRelease.Application", "..\CreditRelease.Application\CreditRelease.Application.csproj", "{E88A7313-A98C-49EE-8274-606C4534E409}"
EndProject
Project("{2150E333-8FDC-42A3-9474-1A3956D46DE8}") = "1. Presentation", "1. Presentation", "{6DEBFAE8-1E68-4FCB-B5B1-CF7AD2382451}"
EndProject
Project("{9A19103F-16F7-4668-BE54-9A1E7A4F7556}") = "CreditRelease.API", "CreditRelease.API\CreditRelease.API.csproj", "{3FF7B8BA-5D26-48EA-A8EF-21226B2E259A}"
EndProject
Global
	GlobalSection(SolutionConfigurationPlatforms) = preSolution
		Debug|Any CPU = Debug|Any CPU
		Release|Any CPU = Release|Any CPU
	EndGlobalSection
	GlobalSection(ProjectConfigurationPlatforms) = postSolution
		{0CDBCF06-C410-49C2-8DF9-4033E57CFD6D}.Debug|Any CPU.ActiveCfg = Debug|Any CPU
		{0CDBCF06-C410-49C2-8DF9-4033E57CFD6D}.Debug|Any CPU.Build.0 = Debug|Any CPU
		{0CDBCF06-C410-49C2-8DF9-4033E57CFD6D}.Release|Any CPU.ActiveCfg = Release|Any CPU
		{0CDBCF06-C410-49C2-8DF9-4033E57CFD6D}.Release|Any CPU.Build.0 = Release|Any CPU
		{DCE05FAF-7514-418F-A289-7613F62A7781}.Debug|Any CPU.ActiveCfg = Debug|Any CPU
		{DCE05FAF-7514-418F-A289-7613F62A7781}.Debug|Any CPU.Build.0 = Debug|Any CPU
		{DCE05FAF-7514-418F-A289-7613F62A7781}.Release|Any CPU.ActiveCfg = Release|Any CPU
		{DCE05FAF-7514-418F-A289-7613F62A7781}.Release|Any CPU.Build.0 = Release|Any CPU
		{00076AF7-C8B8-4691-BD6F-769302BE9A32}.Debug|Any CPU.ActiveCfg = Debug|Any CPU
		{00076AF7-C8B8-4691-BD6F-769302BE9A32}.Debug|Any CPU.Build.0 = Debug|Any CPU
		{00076AF7-C8B8-4691-BD6F-769302BE9A32}.Release|Any CPU.ActiveCfg = Release|Any CPU
		{00076AF7-C8B8-4691-BD6F-769302BE9A32}.Release|Any CPU.Build.0 = Release|Any CPU
		{9701CE7F-F86F-48BA-B0CA-1485B86953EB}.Debug|Any CPU.ActiveCfg = Debug|Any CPU
		{9701CE7F-F86F-48BA-B0CA-1485B86953EB}.Debug|Any CPU.Build.0 = Debug|Any CPU
		{9701CE7F-F86F-48BA-B0CA-1485B86953EB}.Release|Any CPU.ActiveCfg = Release|Any CPU
		{9701CE7F-F86F-48BA-B0CA-1485B86953EB}.Release|Any CPU.Build.0 = Release|Any CPU
		{E88A7313-A98C-49EE-8274-606C4534E409}.Debug|Any CPU.ActiveCfg = Debug|Any CPU
		{E88A7313-A98C-49EE-8274-606C4534E409}.Debug|Any CPU.Build.0 = Debug|Any CPU
		{E88A7313-A98C-49EE-8274-606C4534E409}.Release|Any CPU.ActiveCfg = Release|Any CPU
		{E88A7313-A98C-49EE-8274-606C4534E409}.Release|Any CPU.Build.0 = Release|Any CPU
		{3FF7B8BA-5D26-48EA-A8EF-21226B2E259A}.Debug|Any CPU.ActiveCfg = Debug|Any CPU
		{3FF7B8BA-5D26-48EA-A8EF-21226B2E259A}.Debug|Any CPU.Build.0 = Debug|Any CPU
		{3FF7B8BA-5D26-48EA-A8EF-21226B2E259A}.Release|Any CPU.ActiveCfg = Release|Any CPU
		{3FF7B8BA-5D26-48EA-A8EF-21226B2E259A}.Release|Any CPU.Build.0 = Release|Any CPU
	EndGlobalSection
	GlobalSection(SolutionProperties) = preSolution
		HideSolutionNode = FALSE
	EndGlobalSection
	GlobalSection(NestedProjects) = preSolution
		{0CDBCF06-C410-49C2-8DF9-4033E57CFD6D} = {BE65089A-784C-4268-B19A-B0D214D5AB68}
		{DCE05FAF-7514-418F-A289-7613F62A7781} = {E34CAFD5-43C2-4205-8096-8400FF07E000}
		{00076AF7-C8B8-4691-BD6F-769302BE9A32} = {E34CAFD5-43C2-4205-8096-8400FF07E000}
		{9701CE7F-F86F-48BA-B0CA-1485B86953EB} = {E34CAFD5-43C2-4205-8096-8400FF07E000}
		{E88A7313-A98C-49EE-8274-606C4534E409} = {95500C68-90A5-4481-81E6-7D3742E47C88}
		{3FF7B8BA-5D26-48EA-A8EF-21226B2E259A} = {6DEBFAE8-1E68-4FCB-B5B1-CF7AD2382451}
	EndGlobalSection
	GlobalSection(ExtensibilityGlobals) = postSolution
		SolutionGuid = {CB1B0141-D6ED-42BF-933E-CDEFF0771CCC}
	EndGlobalSection
EndGlobal
